// !$*UTF8*$!
{
	archiveVersion = 1;
	classes = {
	};
	objectVersion = 46;
	objects = {

/* Begin PBXBuildFile section */
		FC9C31901952EDE100A0CE45 /* Foundation.framework in Frameworks */ = {isa = PBXBuildFile; fileRef = FC9C318F1952EDE100A0CE45 /* Foundation.framework */; };
		FC9C31921952EDE100A0CE45 /* CoreGraphics.framework in Frameworks */ = {isa = PBXBuildFile; fileRef = FC9C31911952EDE100A0CE45 /* CoreGraphics.framework */; };
		FC9C31941952EDE100A0CE45 /* UIKit.framework in Frameworks */ = {isa = PBXBuildFile; fileRef = FC9C31931952EDE100A0CE45 /* UIKit.framework */; };
		FC9C31961952EDE100A0CE45 /* SpriteKit.framework in Frameworks */ = {isa = PBXBuildFile; fileRef = FC9C31951952EDE100A0CE45 /* SpriteKit.framework */; };
		FC9C319C1952EDE100A0CE45 /* InfoPlist.strings in Resources */ = {isa = PBXBuildFile; fileRef = FC9C319A1952EDE100A0CE45 /* InfoPlist.strings */; };
		FC9C319E1952EDE100A0CE45 /* main.m in Sources */ = {isa = PBXBuildFile; fileRef = FC9C319D1952EDE100A0CE45 /* main.m */; };
		FC9C31A21952EDE100A0CE45 /* BGMAppDelegate.m in Sources */ = {isa = PBXBuildFile; fileRef = FC9C31A11952EDE100A0CE45 /* BGMAppDelegate.m */; };
		FC9C31A51952EDE100A0CE45 /* Main.storyboard in Resources */ = {isa = PBXBuildFile; fileRef = FC9C31A31952EDE100A0CE45 /* Main.storyboard */; };
		FC9C31A81952EDE100A0CE45 /* BGMViewController.m in Sources */ = {isa = PBXBuildFile; fileRef = FC9C31A71952EDE100A0CE45 /* BGMViewController.m */; };
		FC9C31AB1952EDE100A0CE45 /* BGMLevelScene.m in Sources */ = {isa = PBXBuildFile; fileRef = FC9C31AA1952EDE100A0CE45 /* BGMLevelScene.m */; };
		FC9C31AD1952EDE100A0CE45 /* Spaceship.png in Resources */ = {isa = PBXBuildFile; fileRef = FC9C31AC1952EDE100A0CE45 /* Spaceship.png */; };
		FC9C31AF1952EDE100A0CE45 /* Images.xcassets in Resources */ = {isa = PBXBuildFile; fileRef = FC9C31AE1952EDE100A0CE45 /* Images.xcassets */; };
		FC9C31B61952EDE200A0CE45 /* XCTest.framework in Frameworks */ = {isa = PBXBuildFile; fileRef = FC9C31B51952EDE200A0CE45 /* XCTest.framework */; };
		FC9C31B71952EDE200A0CE45 /* Foundation.framework in Frameworks */ = {isa = PBXBuildFile; fileRef = FC9C318F1952EDE100A0CE45 /* Foundation.framework */; };
		FC9C31B81952EDE200A0CE45 /* UIKit.framework in Frameworks */ = {isa = PBXBuildFile; fileRef = FC9C31931952EDE100A0CE45 /* UIKit.framework */; };
		FC9C31C01952EDE200A0CE45 /* InfoPlist.strings in Resources */ = {isa = PBXBuildFile; fileRef = FC9C31BE1952EDE200A0CE45 /* InfoPlist.strings */; };
		FC9C31C21952EDE200A0CE45 /* SpriteKit_TestTests.m in Sources */ = {isa = PBXBuildFile; fileRef = FC9C31C11952EDE200A0CE45 /* SpriteKit_TestTests.m */; };
		FCBDA0881963B8CC00E3DAF5 /* BGMPlayerNode.m in Sources */ = {isa = PBXBuildFile; fileRef = FCBDA0871963B8CC00E3DAF5 /* BGMPlayerNode.m */; };
		FCBDA08C1963EEC100E3DAF5 /* BGMEnemyNode.m in Sources */ = {isa = PBXBuildFile; fileRef = FCBDA08B1963EEC100E3DAF5 /* BGMEnemyNode.m */; };
		FCBDA090196403AD00E3DAF5 /* BGMBulletNode.m in Sources */ = {isa = PBXBuildFile; fileRef = FCBDA08F196403AD00E3DAF5 /* BGMBulletNode.m */; };
/* End PBXBuildFile section */

/* Begin PBXContainerItemProxy section */
		FC9C31B91952EDE200A0CE45 /* PBXContainerItemProxy */ = {
			isa = PBXContainerItemProxy;
			containerPortal = FC9C31841952EDE100A0CE45 /* Project object */;
			proxyType = 1;
			remoteGlobalIDString = FC9C318B1952EDE100A0CE45;
			remoteInfo = "SpriteKit Test";
		};
/* End PBXContainerItemProxy section */

/* Begin PBXFileReference section */
		FC9C318C1952EDE100A0CE45 /* SpriteKit Test.app */ = {isa = PBXFileReference; explicitFileType = wrapper.application; includeInIndex = 0; path = "SpriteKit Test.app"; sourceTree = BUILT_PRODUCTS_DIR; };
		FC9C318F1952EDE100A0CE45 /* Foundation.framework */ = {isa = PBXFileReference; lastKnownFileType = wrapper.framework; name = Foundation.framework; path = System/Library/Frameworks/Foundation.framework; sourceTree = SDKROOT; };
		FC9C31911952EDE100A0CE45 /* CoreGraphics.framework */ = {isa = PBXFileReference; lastKnownFileType = wrapper.framework; name = CoreGraphics.framework; path = System/Library/Frameworks/CoreGraphics.framework; sourceTree = SDKROOT; };
		FC9C31931952EDE100A0CE45 /* UIKit.framework */ = {isa = PBXFileReference; lastKnownFileType = wrapper.framework; name = UIKit.framework; path = System/Library/Frameworks/UIKit.framework; sourceTree = SDKROOT; };
		FC9C31951952EDE100A0CE45 /* SpriteKit.framework */ = {isa = PBXFileReference; lastKnownFileType = wrapper.framework; name = SpriteKit.framework; path = System/Library/Frameworks/SpriteKit.framework; sourceTree = SDKROOT; };
		FC9C31991952EDE100A0CE45 /* SpriteKit Test-Info.plist */ = {isa = PBXFileReference; lastKnownFileType = text.plist.xml; path = "SpriteKit Test-Info.plist"; sourceTree = "<group>"; };
		FC9C319B1952EDE100A0CE45 /* en */ = {isa = PBXFileReference; lastKnownFileType = text.plist.strings; name = en; path = en.lproj/InfoPlist.strings; sourceTree = "<group>"; };
		FC9C319D1952EDE100A0CE45 /* main.m */ = {isa = PBXFileReference; lastKnownFileType = sourcecode.c.objc; path = main.m; sourceTree = "<group>"; };
		FC9C319F1952EDE100A0CE45 /* SpriteKit Test-Prefix.pch */ = {isa = PBXFileReference; lastKnownFileType = sourcecode.c.h; path = "SpriteKit Test-Prefix.pch"; sourceTree = "<group>"; };
		FC9C31A01952EDE100A0CE45 /* BGMAppDelegate.h */ = {isa = PBXFileReference; lastKnownFileType = sourcecode.c.h; path = BGMAppDelegate.h; sourceTree = "<group>"; };
		FC9C31A11952EDE100A0CE45 /* BGMAppDelegate.m */ = {isa = PBXFileReference; lastKnownFileType = sourcecode.c.objc; path = BGMAppDelegate.m; sourceTree = "<group>"; };
		FC9C31A41952EDE100A0CE45 /* Base */ = {isa = PBXFileReference; lastKnownFileType = file.storyboard; name = Base; path = Base.lproj/Main.storyboard; sourceTree = "<group>"; };
		FC9C31A61952EDE100A0CE45 /* BGMViewController.h */ = {isa = PBXFileReference; lastKnownFileType = sourcecode.c.h; path = BGMViewController.h; sourceTree = "<group>"; };
		FC9C31A71952EDE100A0CE45 /* BGMViewController.m */ = {isa = PBXFileReference; lastKnownFileType = sourcecode.c.objc; path = BGMViewController.m; sourceTree = "<group>"; };
		FC9C31A91952EDE100A0CE45 /* BGMLevelScene.h */ = {isa = PBXFileReference; lastKnownFileType = sourcecode.c.h; path = BGMLevelScene.h; sourceTree = "<group>"; };
		FC9C31AA1952EDE100A0CE45 /* BGMLevelScene.m */ = {isa = PBXFileReference; lastKnownFileType = sourcecode.c.objc; path = BGMLevelScene.m; sourceTree = "<group>"; };
		FC9C31AC1952EDE100A0CE45 /* Spaceship.png */ = {isa = PBXFileReference; lastKnownFileType = image.png; path = Spaceship.png; sourceTree = "<group>"; };
		FC9C31AE1952EDE100A0CE45 /* Images.xcassets */ = {isa = PBXFileReference; lastKnownFileType = folder.assetcatalog; path = Images.xcassets; sourceTree = "<group>"; };
		FC9C31B41952EDE200A0CE45 /* SpriteKit TestTests.xctest */ = {isa = PBXFileReference; explicitFileType = wrapper.cfbundle; includeInIndex = 0; path = "SpriteKit TestTests.xctest"; sourceTree = BUILT_PRODUCTS_DIR; };
		FC9C31B51952EDE200A0CE45 /* XCTest.framework */ = {isa = PBXFileReference; lastKnownFileType = wrapper.framework; name = XCTest.framework; path = Library/Frameworks/XCTest.framework; sourceTree = DEVELOPER_DIR; };
		FC9C31BD1952EDE200A0CE45 /* SpriteKit TestTests-Info.plist */ = {isa = PBXFileReference; lastKnownFileType = text.plist.xml; path = "SpriteKit TestTests-Info.plist"; sourceTree = "<group>"; };
		FC9C31BF1952EDE200A0CE45 /* en */ = {isa = PBXFileReference; lastKnownFileType = text.plist.strings; name = en; path = en.lproj/InfoPlist.strings; sourceTree = "<group>"; };
		FC9C31C11952EDE200A0CE45 /* SpriteKit_TestTests.m */ = {isa = PBXFileReference; lastKnownFileType = sourcecode.c.objc; path = SpriteKit_TestTests.m; sourceTree = "<group>"; };
		FCBDA0861963B8CC00E3DAF5 /* BGMPlayerNode.h */ = {isa = PBXFileReference; fileEncoding = 4; lastKnownFileType = sourcecode.c.h; path = BGMPlayerNode.h; sourceTree = "<group>"; };
		FCBDA0871963B8CC00E3DAF5 /* BGMPlayerNode.m */ = {isa = PBXFileReference; fileEncoding = 4; lastKnownFileType = sourcecode.c.objc; path = BGMPlayerNode.m; sourceTree = "<group>"; };
		FCBDA0891963DF6000E3DAF5 /* BGMGeometry.h */ = {isa = PBXFileReference; fileEncoding = 4; lastKnownFileType = sourcecode.c.h; path = BGMGeometry.h; sourceTree = "<group>"; };
		FCBDA08A1963EEC100E3DAF5 /* BGMEnemyNode.h */ = {isa = PBXFileReference; fileEncoding = 4; lastKnownFileType = sourcecode.c.h; path = BGMEnemyNode.h; sourceTree = "<group>"; };
		FCBDA08B1963EEC100E3DAF5 /* BGMEnemyNode.m */ = {isa = PBXFileReference; fileEncoding = 4; lastKnownFileType = sourcecode.c.objc; path = BGMEnemyNode.m; sourceTree = "<group>"; };
		FCBDA08D1964029000E3DAF5 /* BGMPhysicsCategories.h */ = {isa = PBXFileReference; fileEncoding = 4; lastKnownFileType = sourcecode.c.h; path = BGMPhysicsCategories.h; sourceTree = "<group>"; };
		FCBDA08E196403AD00E3DAF5 /* BGMBulletNode.h */ = {isa = PBXFileReference; fileEncoding = 4; lastKnownFileType = sourcecode.c.h; path = BGMBulletNode.h; sourceTree = "<group>"; };
		FCBDA08F196403AD00E3DAF5 /* BGMBulletNode.m */ = {isa = PBXFileReference; fileEncoding = 4; lastKnownFileType = sourcecode.c.objc; path = BGMBulletNode.m; sourceTree = "<group>"; };
/* End PBXFileReference section */

/* Begin PBXFrameworksBuildPhase section */
		FC9C31891952EDE100A0CE45 /* Frameworks */ = {
			isa = PBXFrameworksBuildPhase;
			buildActionMask = 2147483647;
			files = (
				FC9C31921952EDE100A0CE45 /* CoreGraphics.framework in Frameworks */,
				FC9C31941952EDE100A0CE45 /* UIKit.framework in Frameworks */,
				FC9C31961952EDE100A0CE45 /* SpriteKit.framework in Frameworks */,
				FC9C31901952EDE100A0CE45 /* Foundation.framework in Frameworks */,
			);
			runOnlyForDeploymentPostprocessing = 0;
		};
		FC9C31B11952EDE200A0CE45 /* Frameworks */ = {
			isa = PBXFrameworksBuildPhase;
			buildActionMask = 2147483647;
			files = (
				FC9C31B61952EDE200A0CE45 /* XCTest.framework in Frameworks */,
				FC9C31B81952EDE200A0CE45 /* UIKit.framework in Frameworks */,
				FC9C31B71952EDE200A0CE45 /* Foundation.framework in Frameworks */,
			);
			runOnlyForDeploymentPostprocessing = 0;
		};
/* End PBXFrameworksBuildPhase section */

/* Begin PBXGroup section */
		FC9C31831952EDE100A0CE45 = {
			isa = PBXGroup;
			children = (
				FC9C31971952EDE100A0CE45 /* SpriteKit Test */,
				FC9C31BB1952EDE200A0CE45 /* SpriteKit TestTests */,
				FC9C318E1952EDE100A0CE45 /* Frameworks */,
				FC9C318D1952EDE100A0CE45 /* Products */,
			);
			sourceTree = "<group>";
		};
		FC9C318D1952EDE100A0CE45 /* Products */ = {
			isa = PBXGroup;
			children = (
				FC9C318C1952EDE100A0CE45 /* SpriteKit Test.app */,
				FC9C31B41952EDE200A0CE45 /* SpriteKit TestTests.xctest */,
			);
			name = Products;
			sourceTree = "<group>";
		};
		FC9C318E1952EDE100A0CE45 /* Frameworks */ = {
			isa = PBXGroup;
			children = (
				FC9C318F1952EDE100A0CE45 /* Foundation.framework */,
				FC9C31911952EDE100A0CE45 /* CoreGraphics.framework */,
				FC9C31931952EDE100A0CE45 /* UIKit.framework */,
				FC9C31951952EDE100A0CE45 /* SpriteKit.framework */,
				FC9C31B51952EDE200A0CE45 /* XCTest.framework */,
			);
			name = Frameworks;
			sourceTree = "<group>";
		};
		FC9C31971952EDE100A0CE45 /* SpriteKit Test */ = {
			isa = PBXGroup;
			children = (
				FC9C31A01952EDE100A0CE45 /* BGMAppDelegate.h */,
				FC9C31A11952EDE100A0CE45 /* BGMAppDelegate.m */,
				FC9C31A31952EDE100A0CE45 /* Main.storyboard */,
				FC9C31A61952EDE100A0CE45 /* BGMViewController.h */,
				FC9C31A71952EDE100A0CE45 /* BGMViewController.m */,
				FC9C31A91952EDE100A0CE45 /* BGMLevelScene.h */,
				FC9C31AA1952EDE100A0CE45 /* BGMLevelScene.m */,
				FC9C31AC1952EDE100A0CE45 /* Spaceship.png */,
				FC9C31AE1952EDE100A0CE45 /* Images.xcassets */,
				FCBDA0861963B8CC00E3DAF5 /* BGMPlayerNode.h */,
				FCBDA0871963B8CC00E3DAF5 /* BGMPlayerNode.m */,
				FCBDA08A1963EEC100E3DAF5 /* BGMEnemyNode.h */,
				FCBDA08B1963EEC100E3DAF5 /* BGMEnemyNode.m */,
				FCBDA08E196403AD00E3DAF5 /* BGMBulletNode.h */,
				FCBDA08F196403AD00E3DAF5 /* BGMBulletNode.m */,
				FCBDA0891963DF6000E3DAF5 /* BGMGeometry.h */,
				FCBDA08D1964029000E3DAF5 /* BGMPhysicsCategories.h */,
				FC9C31981952EDE100A0CE45 /* Supporting Files */,
			);
			path = "SpriteKit Test";
			sourceTree = "<group>";
		};
		FC9C31981952EDE100A0CE45 /* Supporting Files */ = {
			isa = PBXGroup;
			children = (
				FC9C31991952EDE100A0CE45 /* SpriteKit Test-Info.plist */,
				FC9C319A1952EDE100A0CE45 /* InfoPlist.strings */,
				FC9C319D1952EDE100A0CE45 /* main.m */,
				FC9C319F1952EDE100A0CE45 /* SpriteKit Test-Prefix.pch */,
			);
			name = "Supporting Files";
			sourceTree = "<group>";
		};
		FC9C31BB1952EDE200A0CE45 /* SpriteKit TestTests */ = {
			isa = PBXGroup;
			children = (
				FC9C31C11952EDE200A0CE45 /* SpriteKit_TestTests.m */,
				FC9C31BC1952EDE200A0CE45 /* Supporting Files */,
			);
			path = "SpriteKit TestTests";
			sourceTree = "<group>";
		};
		FC9C31BC1952EDE200A0CE45 /* Supporting Files */ = {
			isa = PBXGroup;
			children = (
				FC9C31BD1952EDE200A0CE45 /* SpriteKit TestTests-Info.plist */,
				FC9C31BE1952EDE200A0CE45 /* InfoPlist.strings */,
			);
			name = "Supporting Files";
			sourceTree = "<group>";
		};
/* End PBXGroup section */

/* Begin PBXNativeTarget section */
		FC9C318B1952EDE100A0CE45 /* SpriteKit Test */ = {
			isa = PBXNativeTarget;
			buildConfigurationList = FC9C31C51952EDE200A0CE45 /* Build configuration list for PBXNativeTarget "SpriteKit Test" */;
			buildPhases = (
				FC9C31881952EDE100A0CE45 /* Sources */,
				FC9C31891952EDE100A0CE45 /* Frameworks */,
				FC9C318A1952EDE100A0CE45 /* Resources */,
			);
			buildRules = (
			);
			dependencies = (
			);
			name = "SpriteKit Test";
			productName = "SpriteKit Test";
			productReference = FC9C318C1952EDE100A0CE45 /* SpriteKit Test.app */;
			productType = "com.apple.product-type.application";
		};
		FC9C31B31952EDE200A0CE45 /* SpriteKit TestTests */ = {
			isa = PBXNativeTarget;
			buildConfigurationList = FC9C31C81952EDE200A0CE45 /* Build configuration list for PBXNativeTarget "SpriteKit TestTests" */;
			buildPhases = (
				FC9C31B01952EDE200A0CE45 /* Sources */,
				FC9C31B11952EDE200A0CE45 /* Frameworks */,
				FC9C31B21952EDE200A0CE45 /* Resources */,
			);
			buildRules = (
			);
			dependencies = (
				FC9C31BA1952EDE200A0CE45 /* PBXTargetDependency */,
			);
			name = "SpriteKit TestTests";
			productName = "SpriteKit TestTests";
			productReference = FC9C31B41952EDE200A0CE45 /* SpriteKit TestTests.xctest */;
			productType = "com.apple.product-type.bundle.unit-test";
		};
/* End PBXNativeTarget section */

/* Begin PBXProject section */
		FC9C31841952EDE100A0CE45 /* Project object */ = {
			isa = PBXProject;
			attributes = {
				CLASSPREFIX = BGM;
				LastUpgradeCheck = 0510;
				ORGANIZATIONNAME = "馬 岩";
				TargetAttributes = {
					FC9C31B31952EDE200A0CE45 = {
						TestTargetID = FC9C318B1952EDE100A0CE45;
					};
				};
			};
			buildConfigurationList = FC9C31871952EDE100A0CE45 /* Build configuration list for PBXProject "SpriteKit Test" */;
			compatibilityVersion = "Xcode 3.2";
			developmentRegion = English;
			hasScannedForEncodings = 0;
			knownRegions = (
				en,
				Base,
			);
			mainGroup = FC9C31831952EDE100A0CE45;
			productRefGroup = FC9C318D1952EDE100A0CE45 /* Products */;
			projectDirPath = "";
			projectRoot = "";
			targets = (
				FC9C318B1952EDE100A0CE45 /* SpriteKit Test */,
				FC9C31B31952EDE200A0CE45 /* SpriteKit TestTests */,
			);
		};
/* End PBXProject section */

/* Begin PBXResourcesBuildPhase section */
		FC9C318A1952EDE100A0CE45 /* Resources */ = {
			isa = PBXResourcesBuildPhase;
			buildActionMask = 2147483647;
			files = (
				FC9C319C1952EDE100A0CE45 /* InfoPlist.strings in Resources */,
				FC9C31AF1952EDE100A0CE45 /* Images.xcassets in Resources */,
				FC9C31AD1952EDE100A0CE45 /* Spaceship.png in Resources */,
				FC9C31A51952EDE100A0CE45 /* Main.storyboard in Resources */,
			);
			runOnlyForDeploymentPostprocessing = 0;
		};
		FC9C31B21952EDE200A0CE45 /* Resources */ = {
			isa = PBXResourcesBuildPhase;
			buildActionMask = 2147483647;
			files = (
				FC9C31C01952EDE200A0CE45 /* InfoPlist.strings in Resources */,
			);
			runOnlyForDeploymentPostprocessing = 0;
		};
/* End PBXResourcesBuildPhase section */

/* Begin PBXSourcesBuildPhase section */
		FC9C31881952EDE100A0CE45 /* Sources */ = {
			isa = PBXSourcesBuildPhase;
			buildActionMask = 2147483647;
			files = (
				FC9C319E1952EDE100A0CE45 /* main.m in Sources */,
				FC9C31AB1952EDE100A0CE45 /* BGMLevelScene.m in Sources */,
				FC9C31A21952EDE100A0CE45 /* BGMAppDelegate.m in Sources */,
				FC9C31A81952EDE100A0CE45 /* BGMViewController.m in Sources */,
				FCBDA090196403AD00E3DAF5 /* BGMBulletNode.m in Sources */,
				FCBDA0881963B8CC00E3DAF5 /* BGMPlayerNode.m in Sources */,
				FCBDA08C1963EEC100E3DAF5 /* BGMEnemyNode.m in Sources */,
			);
			runOnlyForDeploymentPostprocessing = 0;
		};
		FC9C31B01952EDE200A0CE45 /* Sources */ = {
			isa = PBXSourcesBuildPhase;
			buildActionMask = 2147483647;
			files = (
				FC9C31C21952EDE200A0CE45 /* SpriteKit_TestTests.m in Sources */,
			);
			runOnlyForDeploymentPostprocessing = 0;
		};
/* End PBXSourcesBuildPhase section */

/* Begin PBXTargetDependency section */
		FC9C31BA1952EDE200A0CE45 /* PBXTargetDependency */ = {
			isa = PBXTargetDependency;
			target = FC9C318B1952EDE100A0CE45 /* SpriteKit Test */;
			targetProxy = FC9C31B91952EDE200A0CE45 /* PBXContainerItemProxy */;
		};
/* End PBXTargetDependency section */

/* Begin PBXVariantGroup section */
		FC9C319A1952EDE100A0CE45 /* InfoPlist.strings */ = {
			isa = PBXVariantGroup;
			children = (
				FC9C319B1952EDE100A0CE45 /* en */,
			);
			name = InfoPlist.strings;
			sourceTree = "<group>";
		};
		FC9C31A31952EDE100A0CE45 /* Main.storyboard */ = {
			isa = PBXVariantGroup;
			children = (
				FC9C31A41952EDE100A0CE45 /* Base */,
			);
			name = Main.storyboard;
			sourceTree = "<group>";
		};
		FC9C31BE1952EDE200A0CE45 /* InfoPlist.strings */ = {
			isa = PBXVariantGroup;
			children = (
				FC9C31BF1952EDE200A0CE45 /* en */,
			);
			name = InfoPlist.strings;
			sourceTree = "<group>";
		};
/* End PBXVariantGroup section */

/* Begin XCBuildConfiguration section */
		FC9C31C31952EDE200A0CE45 /* Debug */ = {
			isa = XCBuildConfiguration;
			buildSettings = {
				ALWAYS_SEARCH_USER_PATHS = NO;
				CLANG_CXX_LANGUAGE_STANDARD = "gnu++0x";
				CLANG_CXX_LIBRARY = "libc++";
				CLANG_ENABLE_MODULES = YES;
				CLANG_ENABLE_OBJC_ARC = YES;
				CLANG_WARN_BOOL_CONVERSION = YES;
				CLANG_WARN_CONSTANT_CONVERSION = YES;
				CLANG_WARN_DIRECT_OBJC_ISA_USAGE = YES_ERROR;
				CLANG_WARN_EMPTY_BODY = YES;
				CLANG_WARN_ENUM_CONVERSION = YES;
				CLANG_WARN_INT_CONVERSION = YES;
				CLANG_WARN_OBJC_ROOT_CLASS = YES_ERROR;
				CLANG_WARN__DUPLICATE_METHOD_MATCH = YES;
				"CODE_SIGN_IDENTITY[sdk=iphoneos*]" = "iPhone Developer";
				COPY_PHASE_STRIP = NO;
				GCC_C_LANGUAGE_STANDARD = gnu99;
				GCC_DYNAMIC_NO_PIC = NO;
				GCC_OPTIMIZATION_LEVEL = 0;
				GCC_PREPROCESSOR_DEFINITIONS = (
					"DEBUG=1",
					"$(inherited)",
				);
				GCC_SYMBOLS_PRIVATE_EXTERN = NO;
				GCC_WARN_64_TO_32_BIT_CONVERSION = YES;
				GCC_WARN_ABOUT_RETURN_TYPE = YES_ERROR;
				GCC_WARN_UNDECLARED_SELECTOR = YES;
				GCC_WARN_UNINITIALIZED_AUTOS = YES_AGGRESSIVE;
				GCC_WARN_UNUSED_FUNCTION = YES;
				GCC_WARN_UNUSED_VARIABLE = YES;
				IPHONEOS_DEPLOYMENT_TARGET = 7.1;
				ONLY_ACTIVE_ARCH = YES;
				SDKROOT = iphoneos;
			};
			name = Debug;
		};
		FC9C31C41952EDE200A0CE45 /* Release */ = {
			isa = XCBuildConfiguration;
			buildSettings = {
				ALWAYS_SEARCH_USER_PATHS = NO;
				CLANG_CXX_LANGUAGE_STANDARD = "gnu++0x";
				CLANG_CXX_LIBRARY = "libc++";
				CLANG_ENABLE_MODULES = YES;
				CLANG_ENABLE_OBJC_ARC = YES;
				CLANG_WARN_BOOL_CONVERSION = YES;
				CLANG_WARN_CONSTANT_CONVERSION = YES;
				CLANG_WARN_DIRECT_OBJC_ISA_USAGE = YES_ERROR;
				CLANG_WARN_EMPTY_BODY = YES;
				CLANG_WARN_ENUM_CONVERSION = YES;
				CLANG_WARN_INT_CONVERSION = YES;
				CLANG_WARN_OBJC_ROOT_CLASS = YES_ERROR;
				CLANG_WARN__DUPLICATE_METHOD_MATCH = YES;
				"CODE_SIGN_IDENTITY[sdk=iphoneos*]" = "iPhone Developer";
				COPY_PHASE_STRIP = YES;
				ENABLE_NS_ASSERTIONS = NO;
				GCC_C_LANGUAGE_STANDARD = gnu99;
				GCC_WARN_64_TO_32_BIT_CONVERSION = YES;
				GCC_WARN_ABOUT_RETURN_TYPE = YES_ERROR;
				GCC_WARN_UNDECLARED_SELECTOR = YES;
				GCC_WARN_UNINITIALIZED_AUTOS = YES_AGGRESSIVE;
				GCC_WARN_UNUSED_FUNCTION = YES;
				GCC_WARN_UNUSED_VARIABLE = YES;
				IPHONEOS_DEPLOYMENT_TARGET = 7.1;
				SDKROOT = iphoneos;
				VALIDATE_PRODUCT = YES;
			};
			name = Release;
		};
		FC9C31C61952EDE200A0CE45 /* Debug */ = {
			isa = XCBuildConfiguration;
			buildSettings = {
				ASSETCATALOG_COMPILER_APPICON_NAME = AppIcon;
				ASSETCATALOG_COMPILER_LAUNCHIMAGE_NAME = LaunchImage;
				GCC_PRECOMPILE_PREFIX_HEADER = YES;
				GCC_PREFIX_HEADER = "SpriteKit Test/SpriteKit Test-Prefix.pch";
				INFOPLIST_FILE = "SpriteKit Test/SpriteKit Test-Info.plist";
				PRODUCT_NAME = "$(TARGET_NAME)";
				SPRITEKIT_TEXTURE_ATLAS_OUTPUT = YES;
				WRAPPER_EXTENSION = app;
			};
			name = Debug;
		};
		FC9C31C71952EDE200A0CE45 /* Release */ = {
			isa = XCBuildConfiguration;
			buildSettings = {
				ASSETCATALOG_COMPILER_APPICON_NAME = AppIcon;
				ASSETCATALOG_COMPILER_LAUNCHIMAGE_NAME = LaunchImage;
				GCC_PRECOMPILE_PREFIX_HEADER = YES;
				GCC_PREFIX_HEADER = "SpriteKit Test/SpriteKit Test-Prefix.pch";
				INFOPLIST_FILE = "SpriteKit Test/SpriteKit Test-Info.plist";
				PRODUCT_NAME = "$(TARGET_NAME)";
				SPRITEKIT_TEXTURE_ATLAS_OUTPUT = YES;
				WRAPPER_EXTENSION = app;
			};
			name = Release;
		};
		FC9C31C91952EDE200A0CE45 /* Debug */ = {
			isa = XCBuildConfiguration;
			buildSettings = {
				BUNDLE_LOADER = "$(BUILT_PRODUCTS_DIR)/SpriteKit Test.app/SpriteKit Test";
				FRAMEWORK_SEARCH_PATHS = (
					"$(SDKROOT)/Developer/Library/Frameworks",
					"$(inherited)",
					"$(DEVELOPER_FRAMEWORKS_DIR)",
				);
				GCC_PRECOMPILE_PREFIX_HEADER = YES;
				GCC_PREFIX_HEADER = "SpriteKit Test/SpriteKit Test-Prefix.pch";
				GCC_PREPROCESSOR_DEFINITIONS = (
					"DEBUG=1",
					"$(inherited)",
				);
				INFOPLIST_FILE = "SpriteKit TestTests/SpriteKit TestTests-Info.plist";
				PRODUCT_NAME = "$(TARGET_NAME)";
				TEST_HOST = "$(BUNDLE_LOADER)";
				WRAPPER_EXTENSION = xctest;
			};
			name = Debug;
		};
		FC9C31CA1952EDE200A0CE45 /* Release */ = {
			isa = XCBuildConfiguration;
			buildSettings = {
				BUNDLE_LOADER = "$(BUILT_PRODUCTS_DIR)/SpriteKit Test.app/SpriteKit Test";
				FRAMEWORK_SEARCH_PATHS = (
					"$(SDKROOT)/Developer/Library/Frameworks",
					"$(inherited)",
					"$(DEVELOPER_FRAMEWORKS_DIR)",
				);
				GCC_PRECOMPILE_PREFIX_HEADER = YES;
				GCC_PREFIX_HEADER = "SpriteKit Test/SpriteKit Test-Prefix.pch";
				INFOPLIST_FILE = "SpriteKit TestTests/SpriteKit TestTests-Info.plist";
				PRODUCT_NAME = "$(TARGET_NAME)";
				TEST_HOST = "$(BUNDLE_LOADER)";
				WRAPPER_EXTENSION = xctest;
			};
			name = Release;
		};
/* End XCBuildConfiguration section */

/* Begin XCConfigurationList section */
		FC9C31871952EDE100A0CE45 /* Build configuration list for PBXProject "SpriteKit Test" */ = {
			isa = XCConfigurationList;
			buildConfigurations = (
				FC9C31C31952EDE200A0CE45 /* Debug */,
				FC9C31C41952EDE200A0CE45 /* Release */,
			);
			defaultConfigurationIsVisible = 0;
			defaultConfigurationName = Release;
		};
		FC9C31C51952EDE200A0CE45 /* Build configuration list for PBXNativeTarget "SpriteKit Test" */ = {
			isa = XCConfigurationList;
			buildConfigurations = (
				FC9C31C61952EDE200A0CE45 /* Debug */,
				FC9C31C71952EDE200A0CE45 /* Release */,
			);
			defaultConfigurationIsVisible = 0;
			defaultConfigurationName = Release;
		};
		FC9C31C81952EDE200A0CE45 /* Build configuration list for PBXNativeTarget "SpriteKit TestTests" */ = {
			isa = XCConfigurationList;
			buildConfigurations = (
				FC9C31C91952EDE200A0CE45 /* Debug */,
				FC9C31CA1952EDE200A0CE45 /* Release */,
			);
			defaultConfigurationIsVisible = 0;
			defaultConfigurationName = Release;
		};
/* End XCConfigurationList section */
	};
	rootObject = FC9C31841952EDE100A0CE45 /* Project object */;
}
